// !$*UTF8*$!
{
	archiveVersion = 1;
	classes = {
	};
	objectVersion = 46;
	objects = {

/* Begin PBXBuildFile section */
		2CAB4AF91F05C218834F177A /* Pods_InternTestTests.framework in Frameworks */ = {isa = PBXBuildFile; fileRef = D6BF9C47952E2E5E29250BA2 /* Pods_InternTestTests.framework */; };
		4573A4A4FF716754DD5B3BAD /* Pods_InternTest.framework in Frameworks */ = {isa = PBXBuildFile; fileRef = CB99A5AF77DB46DA14925F37 /* Pods_InternTest.framework */; };
		B7097D911E0F7AA900CA1C56 /* SetEmailViewController.swift in Sources */ = {isa = PBXBuildFile; fileRef = B7097D901E0F7AA900CA1C56 /* SetEmailViewController.swift */; };
		B7097D931E108AEC00CA1C56 /* ProfilePageViewController.swift in Sources */ = {isa = PBXBuildFile; fileRef = B7097D921E108AEC00CA1C56 /* ProfilePageViewController.swift */; };
		B7097D951E1CF38300CA1C56 /* VideoChooseViewController.swift in Sources */ = {isa = PBXBuildFile; fileRef = B7097D941E1CF38300CA1C56 /* VideoChooseViewController.swift */; };
		B7097D971E1DA37F00CA1C56 /* LandingPageViewController.swift in Sources */ = {isa = PBXBuildFile; fileRef = B7097D961E1DA37F00CA1C56 /* LandingPageViewController.swift */; };
		B70EE31B1F6844B000FE4171 /* AddLinkViewController.swift in Sources */ = {isa = PBXBuildFile; fileRef = B70EE31A1F6844AF00FE4171 /* AddLinkViewController.swift */; };
		B71483E61E711E9F00F37453 /* ImageExtension.swift in Sources */ = {isa = PBXBuildFile; fileRef = B71483E51E711E9F00F37453 /* ImageExtension.swift */; };
		B71483E81E7266CC00F37453 /* Messages.swift in Sources */ = {isa = PBXBuildFile; fileRef = B71483E71E7266CC00F37453 /* Messages.swift */; };
		B72834271E0B125D007CD400 /* AppDelegate.swift in Sources */ = {isa = PBXBuildFile; fileRef = B72834261E0B125D007CD400 /* AppDelegate.swift */; };
		B72834291E0B125D007CD400 /* SetBirthdayViewController.swift in Sources */ = {isa = PBXBuildFile; fileRef = B72834281E0B125D007CD400 /* SetBirthdayViewController.swift */; };
		B728342C1E0B125D007CD400 /* Main.storyboard in Resources */ = {isa = PBXBuildFile; fileRef = B728342A1E0B125D007CD400 /* Main.storyboard */; };
		B728342E1E0B125D007CD400 /* Assets.xcassets in Resources */ = {isa = PBXBuildFile; fileRef = B728342D1E0B125D007CD400 /* Assets.xcassets */; };
		B72834311E0B125D007CD400 /* LaunchScreen.storyboard in Resources */ = {isa = PBXBuildFile; fileRef = B728342F1E0B125D007CD400 /* LaunchScreen.storyboard */; };
		B728343C1E0B125D007CD400 /* InternTestTests.swift in Sources */ = {isa = PBXBuildFile; fileRef = B728343B1E0B125D007CD400 /* InternTestTests.swift */; };
		B72834471E0B125E007CD400 /* InternTestUITests.swift in Sources */ = {isa = PBXBuildFile; fileRef = B72834461E0B125E007CD400 /* InternTestUITests.swift */; };
		B72834551E0B1487007CD400 /* VerificationCodeViewController.swift in Sources */ = {isa = PBXBuildFile; fileRef = B72834541E0B1487007CD400 /* VerificationCodeViewController.swift */; };
		B72834571E0B158D007CD400 /* CAGradientLayer.swift in Sources */ = {isa = PBXBuildFile; fileRef = B72834561E0B158D007CD400 /* CAGradientLayer.swift */; };
		B732FAA41E2CD480005514CE /* FeedController.swift in Sources */ = {isa = PBXBuildFile; fileRef = B732FAA31E2CD480005514CE /* FeedController.swift */; };
		B732FAA61E2D82FD005514CE /* User.swift in Sources */ = {isa = PBXBuildFile; fileRef = B732FAA51E2D82FD005514CE /* User.swift */; };
		B73ABCC01F56A90100CA91A6 /* SetMissionViewController.swift in Sources */ = {isa = PBXBuildFile; fileRef = B73ABCBF1F56A90100CA91A6 /* SetMissionViewController.swift */; };
		B73ABCC21F56AD2600CA91A6 /* SettingsViewController.swift in Sources */ = {isa = PBXBuildFile; fileRef = B73ABCC11F56AD2600CA91A6 /* SettingsViewController.swift */; };
		B73ABCC41F571EF400CA91A6 /* EmployerViewController.swift in Sources */ = {isa = PBXBuildFile; fileRef = B73ABCC31F571EF400CA91A6 /* EmployerViewController.swift */; };
		B73ABCC61F5A435500CA91A6 /* GoogleService-Info.plist in Resources */ = {isa = PBXBuildFile; fileRef = B73ABCC51F5A435500CA91A6 /* GoogleService-Info.plist */; };
		B73ABCC81F5A655900CA91A6 /* StudentScheduleViewController.swift in Sources */ = {isa = PBXBuildFile; fileRef = B73ABCC71F5A655900CA91A6 /* StudentScheduleViewController.swift */; };
		B748B75C1E553F030058C07F /* MessagesController.swift in Sources */ = {isa = PBXBuildFile; fileRef = B748B75B1E553F030058C07F /* MessagesController.swift */; };
		B752D4351EFEF6FC00EAC75B /* SetNameViewController.swift in Sources */ = {isa = PBXBuildFile; fileRef = B752D4341EFEF6FC00EAC75B /* SetNameViewController.swift */; };
		B752D4391F0462AB00EAC75B /* OrientationLock.swift in Sources */ = {isa = PBXBuildFile; fileRef = B752D4381F0462AB00EAC75B /* OrientationLock.swift */; };
		B752D43B1F09E79800EAC75B /* NotificationCenterViewController.swift in Sources */ = {isa = PBXBuildFile; fileRef = B752D43A1F09E79800EAC75B /* NotificationCenterViewController.swift */; };
		B752D43D1F09ECDD00EAC75B /* Notification.swift in Sources */ = {isa = PBXBuildFile; fileRef = B752D43C1F09ECDD00EAC75B /* Notification.swift */; };
		B752D43E1F0A283900EAC75B /* FeedController.swift in Sources */ = {isa = PBXBuildFile; fileRef = B732FAA31E2CD480005514CE /* FeedController.swift */; };
		B752D4401F0AFC8800EAC75B /* SearchViewController.swift in Sources */ = {isa = PBXBuildFile; fileRef = B752D43F1F0AFC8800EAC75B /* SearchViewController.swift */; };
		B76AF1F61F2AF52C00E69252 /* FeedTableViewCell.swift in Sources */ = {isa = PBXBuildFile; fileRef = B76AF1F51F2AF52C00E69252 /* FeedTableViewCell.swift */; };
		B7A2C3531F6BA7A900A550C6 /* StudentScreenshotViewController.swift in Sources */ = {isa = PBXBuildFile; fileRef = B7A2C3521F6BA7A900A550C6 /* StudentScreenshotViewController.swift */; };
		B7A2C3551F6FD80700A550C6 /* EditTimeViewController.swift in Sources */ = {isa = PBXBuildFile; fileRef = B7A2C3541F6FD80700A550C6 /* EditTimeViewController.swift */; };
		B7A2C3571F718FC800A550C6 /* ConfirmVideoViewController.swift in Sources */ = {isa = PBXBuildFile; fileRef = B7A2C3561F718FC800A550C6 /* ConfirmVideoViewController.swift */; };
		B7A2C35B1F73728800A550C6 /* AdvancedSearchViewController.swift in Sources */ = {isa = PBXBuildFile; fileRef = B7A2C35A1F73728800A550C6 /* AdvancedSearchViewController.swift */; };
		B7AE89391F2BC15300914699 /* ForgotPasswordLandingViewController.swift in Sources */ = {isa = PBXBuildFile; fileRef = B7AE89381F2BC15300914699 /* ForgotPasswordLandingViewController.swift */; };
		B7AE893B1F2C627500914699 /* ChangePasswordViewController.swift in Sources */ = {isa = PBXBuildFile; fileRef = B7AE893A1F2C627500914699 /* ChangePasswordViewController.swift */; };
		B7AE893D1F2FE1E000914699 /* CustomCell.swift in Sources */ = {isa = PBXBuildFile; fileRef = B7AE893C1F2FE1DF00914699 /* CustomCell.swift */; };
		B7AE89421F36CEE800914699 /* SignUpUser.swift in Sources */ = {isa = PBXBuildFile; fileRef = B7AE89411F36CEE800914699 /* SignUpUser.swift */; };
		B7C658D91E8EEB1A0081B06E /* SetPositionViewController.swift in Sources */ = {isa = PBXBuildFile; fileRef = B7C658D81E8EEB1A0081B06E /* SetPositionViewController.swift */; };
		B7C658DB1E8F125C0081B06E /* StudentViewController.swift in Sources */ = {isa = PBXBuildFile; fileRef = B7C658DA1E8F125C0081B06E /* StudentViewController.swift */; };
		B7D480131F173D600080E8C2 /* SetReminderViewController1.swift in Sources */ = {isa = PBXBuildFile; fileRef = B7D480121F173D600080E8C2 /* SetReminderViewController1.swift */; };
		B7D480151F173D9D0080E8C2 /* Reminder.swift in Sources */ = {isa = PBXBuildFile; fileRef = B7D480141F173D9D0080E8C2 /* Reminder.swift */; };
		B7D480171F1762430080E8C2 /* SetUpFreeTimeViewController.swift in Sources */ = {isa = PBXBuildFile; fileRef = B7D480161F1762430080E8C2 /* SetUpFreeTimeViewController.swift */; };
		B7D480191F1D87D10080E8C2 /* CalendarViewController.swift in Sources */ = {isa = PBXBuildFile; fileRef = B7D480181F1D87D10080E8C2 /* CalendarViewController.swift */; };
		B7D4801B1F1F40080080E8C2 /* TodoItem.swift in Sources */ = {isa = PBXBuildFile; fileRef = B7D4801A1F1F40080080E8C2 /* TodoItem.swift */; };
		B7D4801D1F1F40120080E8C2 /* TodoList.swift in Sources */ = {isa = PBXBuildFile; fileRef = B7D4801C1F1F40120080E8C2 /* TodoList.swift */; };
		B7D541331ED0E0ED006282DF /* Extensions.swift in Sources */ = {isa = PBXBuildFile; fileRef = B7D541321ED0E0ED006282DF /* Extensions.swift */; };
		B7E3B2F11F74661C008320C8 /* StudentLinksViewController.swift in Sources */ = {isa = PBXBuildFile; fileRef = B7E3B2F01F74661C008320C8 /* StudentLinksViewController.swift */; };
		B7EEB1331F42627F00F101C6 /* SetBioViewController.swift in Sources */ = {isa = PBXBuildFile; fileRef = B7EEB1321F42627F00F101C6 /* SetBioViewController.swift */; };
		B7EEB1351F42C22700F101C6 /* SetSkillsViewController.swift in Sources */ = {isa = PBXBuildFile; fileRef = B7EEB1341F42C22700F101C6 /* SetSkillsViewController.swift */; };
		B7EEB1371F46DB6B00F101C6 /* SetReminderViewController2.swift in Sources */ = {isa = PBXBuildFile; fileRef = B7EEB1361F46DB6B00F101C6 /* SetReminderViewController2.swift */; };
		B7EEB1391F47D65A00F101C6 /* AnimationController.swift in Sources */ = {isa = PBXBuildFile; fileRef = B7EEB1381F47D65A00F101C6 /* AnimationController.swift */; };
		B7F5075B1E4EFE10002F686B /* CameraChooseViewController.swift in Sources */ = {isa = PBXBuildFile; fileRef = B7F5075A1E4EFE10002F686B /* CameraChooseViewController.swift */; };
		B7F5075D1E4F19AB002F686B /* SetPasswordViewController.swift in Sources */ = {isa = PBXBuildFile; fileRef = B7F5075C1E4F19AB002F686B /* SetPasswordViewController.swift */; };
		B7F63DD21E30762E009770BE /* ChatController.swift in Sources */ = {isa = PBXBuildFile; fileRef = B7F63DD11E30762E009770BE /* ChatController.swift */; };
		DDA7682EF6B6FBF96A17C99D /* Pods_InternTestUITests.framework in Frameworks */ = {isa = PBXBuildFile; fileRef = FB1DCA9AAE2535E91572A28A /* Pods_InternTestUITests.framework */; };
/* End PBXBuildFile section */

/* Begin PBXContainerItemProxy section */
		B72834381E0B125D007CD400 /* PBXContainerItemProxy */ = {
			isa = PBXContainerItemProxy;
			containerPortal = B728341B1E0B125D007CD400 /* Project object */;
			proxyType = 1;
			remoteGlobalIDString = B72834221E0B125D007CD400;
			remoteInfo = InternTest;
		};
		B72834431E0B125E007CD400 /* PBXContainerItemProxy */ = {
			isa = PBXContainerItemProxy;
			containerPortal = B728341B1E0B125D007CD400 /* Project object */;
			proxyType = 1;
			remoteGlobalIDString = B72834221E0B125D007CD400;
			remoteInfo = InternTest;
		};
/* End PBXContainerItemProxy section */

/* Begin PBXFileReference section */
		2D51CF6C27DA6B94DD168F14 /* Pods-InternTest.release.xcconfig */ = {isa = PBXFileReference; includeInIndex = 1; lastKnownFileType = text.xcconfig; name = "Pods-InternTest.release.xcconfig"; path = "Pods/Target Support Files/Pods-InternTest/Pods-InternTest.release.xcconfig"; sourceTree = "<group>"; };
		336241F127404F96F4FF11AD /* Pods-InternTestUITests.release.xcconfig */ = {isa = PBXFileReference; includeInIndex = 1; lastKnownFileType = text.xcconfig; name = "Pods-InternTestUITests.release.xcconfig"; path = "Pods/Target Support Files/Pods-InternTestUITests/Pods-InternTestUITests.release.xcconfig"; sourceTree = "<group>"; };
		3BB90F811C9DF1A3527CD071 /* Pods-InternTest.debug.xcconfig */ = {isa = PBXFileReference; includeInIndex = 1; lastKnownFileType = text.xcconfig; name = "Pods-InternTest.debug.xcconfig"; path = "Pods/Target Support Files/Pods-InternTest/Pods-InternTest.debug.xcconfig"; sourceTree = "<group>"; };
		B7097D901E0F7AA900CA1C56 /* SetEmailViewController.swift */ = {isa = PBXFileReference; fileEncoding = 4; lastKnownFileType = sourcecode.swift; path = SetEmailViewController.swift; sourceTree = "<group>"; };
		B7097D921E108AEC00CA1C56 /* ProfilePageViewController.swift */ = {isa = PBXFileReference; fileEncoding = 4; lastKnownFileType = sourcecode.swift; path = ProfilePageViewController.swift; sourceTree = "<group>"; };
		B7097D941E1CF38300CA1C56 /* VideoChooseViewController.swift */ = {isa = PBXFileReference; fileEncoding = 4; lastKnownFileType = sourcecode.swift; path = VideoChooseViewController.swift; sourceTree = "<group>"; };
		B7097D961E1DA37F00CA1C56 /* LandingPageViewController.swift */ = {isa = PBXFileReference; fileEncoding = 4; lastKnownFileType = sourcecode.swift; path = LandingPageViewController.swift; sourceTree = "<group>"; };
		B70EE31A1F6844AF00FE4171 /* AddLinkViewController.swift */ = {isa = PBXFileReference; fileEncoding = 4; lastKnownFileType = sourcecode.swift; path = AddLinkViewController.swift; sourceTree = "<group>"; };
		B71483E51E711E9F00F37453 /* ImageExtension.swift */ = {isa = PBXFileReference; fileEncoding = 4; lastKnownFileType = sourcecode.swift; path = ImageExtension.swift; sourceTree = "<group>"; };
		B71483E71E7266CC00F37453 /* Messages.swift */ = {isa = PBXFileReference; fileEncoding = 4; lastKnownFileType = sourcecode.swift; path = Messages.swift; sourceTree = "<group>"; };
		B72834231E0B125D007CD400 /* InternTest.app */ = {isa = PBXFileReference; explicitFileType = wrapper.application; includeInIndex = 0; path = InternTest.app; sourceTree = BUILT_PRODUCTS_DIR; };
		B72834261E0B125D007CD400 /* AppDelegate.swift */ = {isa = PBXFileReference; lastKnownFileType = sourcecode.swift; path = AppDelegate.swift; sourceTree = "<group>"; };
		B72834281E0B125D007CD400 /* SetBirthdayViewController.swift */ = {isa = PBXFileReference; lastKnownFileType = sourcecode.swift; lineEnding = 0; path = SetBirthdayViewController.swift; sourceTree = "<group>"; usesTabs = 0; };
		B728342B1E0B125D007CD400 /* Base */ = {isa = PBXFileReference; lastKnownFileType = file.storyboard; name = Base; path = Base.lproj/Main.storyboard; sourceTree = "<group>"; };
		B728342D1E0B125D007CD400 /* Assets.xcassets */ = {isa = PBXFileReference; lastKnownFileType = folder.assetcatalog; path = Assets.xcassets; sourceTree = "<group>"; };
		B72834301E0B125D007CD400 /* Base */ = {isa = PBXFileReference; lastKnownFileType = file.storyboard; name = Base; path = Base.lproj/LaunchScreen.storyboard; sourceTree = "<group>"; };
		B72834321E0B125D007CD400 /* Info.plist */ = {isa = PBXFileReference; lastKnownFileType = text.plist.xml; path = Info.plist; sourceTree = "<group>"; };
		B72834371E0B125D007CD400 /* InternTestTests.xctest */ = {isa = PBXFileReference; explicitFileType = wrapper.cfbundle; includeInIndex = 0; path = InternTestTests.xctest; sourceTree = BUILT_PRODUCTS_DIR; };
		B728343B1E0B125D007CD400 /* InternTestTests.swift */ = {isa = PBXFileReference; lastKnownFileType = sourcecode.swift; path = InternTestTests.swift; sourceTree = "<group>"; };
		B728343D1E0B125D007CD400 /* Info.plist */ = {isa = PBXFileReference; lastKnownFileType = text.plist.xml; path = Info.plist; sourceTree = "<group>"; };
		B72834421E0B125E007CD400 /* InternTestUITests.xctest */ = {isa = PBXFileReference; explicitFileType = wrapper.cfbundle; includeInIndex = 0; path = InternTestUITests.xctest; sourceTree = BUILT_PRODUCTS_DIR; };
		B72834461E0B125E007CD400 /* InternTestUITests.swift */ = {isa = PBXFileReference; lastKnownFileType = sourcecode.swift; path = InternTestUITests.swift; sourceTree = "<group>"; };
		B72834481E0B125E007CD400 /* Info.plist */ = {isa = PBXFileReference; lastKnownFileType = text.plist.xml; path = Info.plist; sourceTree = "<group>"; };
		B72834541E0B1487007CD400 /* VerificationCodeViewController.swift */ = {isa = PBXFileReference; fileEncoding = 4; lastKnownFileType = sourcecode.swift; path = VerificationCodeViewController.swift; sourceTree = "<group>"; };
		B72834561E0B158D007CD400 /* CAGradientLayer.swift */ = {isa = PBXFileReference; fileEncoding = 4; lastKnownFileType = sourcecode.swift; path = CAGradientLayer.swift; sourceTree = "<group>"; };
		B732FAA31E2CD480005514CE /* FeedController.swift */ = {isa = PBXFileReference; fileEncoding = 4; lastKnownFileType = sourcecode.swift; path = FeedController.swift; sourceTree = "<group>"; };
		B732FAA51E2D82FD005514CE /* User.swift */ = {isa = PBXFileReference; fileEncoding = 4; lastKnownFileType = sourcecode.swift; path = User.swift; sourceTree = "<group>"; };
		B73ABCBF1F56A90100CA91A6 /* SetMissionViewController.swift */ = {isa = PBXFileReference; fileEncoding = 4; lastKnownFileType = sourcecode.swift; path = SetMissionViewController.swift; sourceTree = "<group>"; };
		B73ABCC11F56AD2600CA91A6 /* SettingsViewController.swift */ = {isa = PBXFileReference; fileEncoding = 4; lastKnownFileType = sourcecode.swift; path = SettingsViewController.swift; sourceTree = "<group>"; };
		B73ABCC31F571EF400CA91A6 /* EmployerViewController.swift */ = {isa = PBXFileReference; fileEncoding = 4; lastKnownFileType = sourcecode.swift; path = EmployerViewController.swift; sourceTree = "<group>"; };
		B73ABCC51F5A435500CA91A6 /* GoogleService-Info.plist */ = {isa = PBXFileReference; fileEncoding = 4; lastKnownFileType = text.plist.xml; path = "GoogleService-Info.plist"; sourceTree = "<group>"; };
		B73ABCC71F5A655900CA91A6 /* StudentScheduleViewController.swift */ = {isa = PBXFileReference; fileEncoding = 4; lastKnownFileType = sourcecode.swift; path = StudentScheduleViewController.swift; sourceTree = "<group>"; };
		B748B75B1E553F030058C07F /* MessagesController.swift */ = {isa = PBXFileReference; fileEncoding = 4; lastKnownFileType = sourcecode.swift; path = MessagesController.swift; sourceTree = "<group>"; };
		B752D4341EFEF6FC00EAC75B /* SetNameViewController.swift */ = {isa = PBXFileReference; fileEncoding = 4; lastKnownFileType = sourcecode.swift; path = SetNameViewController.swift; sourceTree = "<group>"; };
		B752D4381F0462AB00EAC75B /* OrientationLock.swift */ = {isa = PBXFileReference; fileEncoding = 4; lastKnownFileType = sourcecode.swift; path = OrientationLock.swift; sourceTree = "<group>"; };
		B752D43A1F09E79800EAC75B /* NotificationCenterViewController.swift */ = {isa = PBXFileReference; fileEncoding = 4; lastKnownFileType = sourcecode.swift; path = NotificationCenterViewController.swift; sourceTree = "<group>"; };
		B752D43C1F09ECDD00EAC75B /* Notification.swift */ = {isa = PBXFileReference; fileEncoding = 4; lastKnownFileType = sourcecode.swift; path = Notification.swift; sourceTree = "<group>"; };
		B752D43F1F0AFC8800EAC75B /* SearchViewController.swift */ = {isa = PBXFileReference; fileEncoding = 4; lastKnownFileType = sourcecode.swift; path = SearchViewController.swift; sourceTree = "<group>"; };
		B76AF1F51F2AF52C00E69252 /* FeedTableViewCell.swift */ = {isa = PBXFileReference; fileEncoding = 4; lastKnownFileType = sourcecode.swift; path = FeedTableViewCell.swift; sourceTree = "<group>"; };
		B7A2C3521F6BA7A900A550C6 /* StudentScreenshotViewController.swift */ = {isa = PBXFileReference; fileEncoding = 4; lastKnownFileType = sourcecode.swift; path = StudentScreenshotViewController.swift; sourceTree = "<group>"; };
		B7A2C3541F6FD80700A550C6 /* EditTimeViewController.swift */ = {isa = PBXFileReference; fileEncoding = 4; lastKnownFileType = sourcecode.swift; path = EditTimeViewController.swift; sourceTree = "<group>"; };
		B7A2C3561F718FC800A550C6 /* ConfirmVideoViewController.swift */ = {isa = PBXFileReference; fileEncoding = 4; lastKnownFileType = sourcecode.swift; path = ConfirmVideoViewController.swift; sourceTree = "<group>"; };
		B7A2C35A1F73728800A550C6 /* AdvancedSearchViewController.swift */ = {isa = PBXFileReference; fileEncoding = 4; lastKnownFileType = sourcecode.swift; path = AdvancedSearchViewController.swift; sourceTree = "<group>"; };
		B7AE89381F2BC15300914699 /* ForgotPasswordLandingViewController.swift */ = {isa = PBXFileReference; fileEncoding = 4; lastKnownFileType = sourcecode.swift; name = ForgotPasswordLandingViewController.swift; path = ../ForgotPasswordLandingViewController.swift; sourceTree = "<group>"; };
		B7AE893A1F2C627500914699 /* ChangePasswordViewController.swift */ = {isa = PBXFileReference; fileEncoding = 4; lastKnownFileType = sourcecode.swift; path = ChangePasswordViewController.swift; sourceTree = "<group>"; };
		B7AE893C1F2FE1DF00914699 /* CustomCell.swift */ = {isa = PBXFileReference; fileEncoding = 4; lastKnownFileType = sourcecode.swift; path = CustomCell.swift; sourceTree = "<group>"; };
		B7AE89401F308D1100914699 /* InternTest-Bridging-Header.h */ = {isa = PBXFileReference; lastKnownFileType = sourcecode.c.h; path = "InternTest-Bridging-Header.h"; sourceTree = SOURCE_ROOT; };
		B7AE89411F36CEE800914699 /* SignUpUser.swift */ = {isa = PBXFileReference; fileEncoding = 4; lastKnownFileType = sourcecode.swift; path = SignUpUser.swift; sourceTree = "<group>"; };
		B7C658D81E8EEB1A0081B06E /* SetPositionViewController.swift */ = {isa = PBXFileReference; fileEncoding = 4; lastKnownFileType = sourcecode.swift; path = SetPositionViewController.swift; sourceTree = "<group>"; };
		B7C658DA1E8F125C0081B06E /* StudentViewController.swift */ = {isa = PBXFileReference; fileEncoding = 4; lastKnownFileType = sourcecode.swift; path = StudentViewController.swift; sourceTree = "<group>"; };
		B7D480121F173D600080E8C2 /* SetReminderViewController1.swift */ = {isa = PBXFileReference; fileEncoding = 4; lastKnownFileType = sourcecode.swift; path = SetReminderViewController1.swift; sourceTree = "<group>"; };
		B7D480141F173D9D0080E8C2 /* Reminder.swift */ = {isa = PBXFileReference; fileEncoding = 4; lastKnownFileType = sourcecode.swift; path = Reminder.swift; sourceTree = "<group>"; };
		B7D480161F1762430080E8C2 /* SetUpFreeTimeViewController.swift */ = {isa = PBXFileReference; fileEncoding = 4; lastKnownFileType = sourcecode.swift; path = SetUpFreeTimeViewController.swift; sourceTree = "<group>"; };
		B7D480181F1D87D10080E8C2 /* CalendarViewController.swift */ = {isa = PBXFileReference; fileEncoding = 4; lastKnownFileType = sourcecode.swift; path = CalendarViewController.swift; sourceTree = "<group>"; };
		B7D4801A1F1F40080080E8C2 /* TodoItem.swift */ = {isa = PBXFileReference; fileEncoding = 4; lastKnownFileType = sourcecode.swift; path = TodoItem.swift; sourceTree = "<group>"; };
		B7D4801C1F1F40120080E8C2 /* TodoList.swift */ = {isa = PBXFileReference; fileEncoding = 4; lastKnownFileType = sourcecode.swift; path = TodoList.swift; sourceTree = "<group>"; };
		B7D541321ED0E0ED006282DF /* Extensions.swift */ = {isa = PBXFileReference; fileEncoding = 4; lastKnownFileType = sourcecode.swift; path = Extensions.swift; sourceTree = "<group>"; };
		B7E3B2F01F74661C008320C8 /* StudentLinksViewController.swift */ = {isa = PBXFileReference; fileEncoding = 4; lastKnownFileType = sourcecode.swift; path = StudentLinksViewController.swift; sourceTree = "<group>"; };
		B7EB8CF81F220532006611B8 /* InternTest.entitlements */ = {isa = PBXFileReference; lastKnownFileType = text.plist.entitlements; path = InternTest.entitlements; sourceTree = "<group>"; };
		B7EEB1321F42627F00F101C6 /* SetBioViewController.swift */ = {isa = PBXFileReference; fileEncoding = 4; lastKnownFileType = sourcecode.swift; path = SetBioViewController.swift; sourceTree = "<group>"; };
		B7EEB1341F42C22700F101C6 /* SetSkillsViewController.swift */ = {isa = PBXFileReference; fileEncoding = 4; lastKnownFileType = sourcecode.swift; path = SetSkillsViewController.swift; sourceTree = "<group>"; };
		B7EEB1361F46DB6B00F101C6 /* SetReminderViewController2.swift */ = {isa = PBXFileReference; fileEncoding = 4; lastKnownFileType = sourcecode.swift; path = SetReminderViewController2.swift; sourceTree = "<group>"; };
		B7EEB1381F47D65A00F101C6 /* AnimationController.swift */ = {isa = PBXFileReference; fileEncoding = 4; lastKnownFileType = sourcecode.swift; path = AnimationController.swift; sourceTree = "<group>"; };
		B7F5075A1E4EFE10002F686B /* CameraChooseViewController.swift */ = {isa = PBXFileReference; fileEncoding = 4; lastKnownFileType = sourcecode.swift; path = CameraChooseViewController.swift; sourceTree = "<group>"; };
		B7F5075C1E4F19AB002F686B /* SetPasswordViewController.swift */ = {isa = PBXFileReference; fileEncoding = 4; lastKnownFileType = sourcecode.swift; path = SetPasswordViewController.swift; sourceTree = "<group>"; };
		B7F63DD11E30762E009770BE /* ChatController.swift */ = {isa = PBXFileReference; fileEncoding = 4; lastKnownFileType = sourcecode.swift; path = ChatController.swift; sourceTree = "<group>"; };
		CB99A5AF77DB46DA14925F37 /* Pods_InternTest.framework */ = {isa = PBXFileReference; explicitFileType = wrapper.framework; includeInIndex = 0; path = Pods_InternTest.framework; sourceTree = BUILT_PRODUCTS_DIR; };
		D5109AF7484BDB7F87700171 /* Pods-InternTestTests.release.xcconfig */ = {isa = PBXFileReference; includeInIndex = 1; lastKnownFileType = text.xcconfig; name = "Pods-InternTestTests.release.xcconfig"; path = "Pods/Target Support Files/Pods-InternTestTests/Pods-InternTestTests.release.xcconfig"; sourceTree = "<group>"; };
		D6BF9C47952E2E5E29250BA2 /* Pods_InternTestTests.framework */ = {isa = PBXFileReference; explicitFileType = wrapper.framework; includeInIndex = 0; path = Pods_InternTestTests.framework; sourceTree = BUILT_PRODUCTS_DIR; };
		DCDC7D9C9171BD0F011ABC67 /* Pods-InternTestTests.debug.xcconfig */ = {isa = PBXFileReference; includeInIndex = 1; lastKnownFileType = text.xcconfig; name = "Pods-InternTestTests.debug.xcconfig"; path = "Pods/Target Support Files/Pods-InternTestTests/Pods-InternTestTests.debug.xcconfig"; sourceTree = "<group>"; };
		F886387D0170F16CC44C8F66 /* Pods-InternTestUITests.debug.xcconfig */ = {isa = PBXFileReference; includeInIndex = 1; lastKnownFileType = text.xcconfig; name = "Pods-InternTestUITests.debug.xcconfig"; path = "Pods/Target Support Files/Pods-InternTestUITests/Pods-InternTestUITests.debug.xcconfig"; sourceTree = "<group>"; };
		FB1DCA9AAE2535E91572A28A /* Pods_InternTestUITests.framework */ = {isa = PBXFileReference; explicitFileType = wrapper.framework; includeInIndex = 0; path = Pods_InternTestUITests.framework; sourceTree = BUILT_PRODUCTS_DIR; };
/* End PBXFileReference section */

/* Begin PBXFrameworksBuildPhase section */
		B72834201E0B125D007CD400 /* Frameworks */ = {
			isa = PBXFrameworksBuildPhase;
			buildActionMask = 2147483647;
			files = (
				4573A4A4FF716754DD5B3BAD /* Pods_InternTest.framework in Frameworks */,
			);
			runOnlyForDeploymentPostprocessing = 0;
		};
		B72834341E0B125D007CD400 /* Frameworks */ = {
			isa = PBXFrameworksBuildPhase;
			buildActionMask = 2147483647;
			files = (
				2CAB4AF91F05C218834F177A /* Pods_InternTestTests.framework in Frameworks */,
			);
			runOnlyForDeploymentPostprocessing = 0;
		};
		B728343F1E0B125E007CD400 /* Frameworks */ = {
			isa = PBXFrameworksBuildPhase;
			buildActionMask = 2147483647;
			files = (
				DDA7682EF6B6FBF96A17C99D /* Pods_InternTestUITests.framework in Frameworks */,
			);
			runOnlyForDeploymentPostprocessing = 0;
		};
/* End PBXFrameworksBuildPhase section */

/* Begin PBXGroup section */
		5FEAC062338665B6EF5B35A0 /* Frameworks */ = {
			isa = PBXGroup;
			children = (
				CB99A5AF77DB46DA14925F37 /* Pods_InternTest.framework */,
				D6BF9C47952E2E5E29250BA2 /* Pods_InternTestTests.framework */,
				FB1DCA9AAE2535E91572A28A /* Pods_InternTestUITests.framework */,
			);
			name = Frameworks;
			sourceTree = "<group>";
		};
		A181ED555D0B3FB2BD2C5024 /* Pods */ = {
			isa = PBXGroup;
			children = (
				3BB90F811C9DF1A3527CD071 /* Pods-InternTest.debug.xcconfig */,
				2D51CF6C27DA6B94DD168F14 /* Pods-InternTest.release.xcconfig */,
				DCDC7D9C9171BD0F011ABC67 /* Pods-InternTestTests.debug.xcconfig */,
				D5109AF7484BDB7F87700171 /* Pods-InternTestTests.release.xcconfig */,
				F886387D0170F16CC44C8F66 /* Pods-InternTestUITests.debug.xcconfig */,
				336241F127404F96F4FF11AD /* Pods-InternTestUITests.release.xcconfig */,
			);
			name = Pods;
			sourceTree = "<group>";
		};
		B728341A1E0B125D007CD400 = {
			isa = PBXGroup;
			children = (
				B7D541311ED0E0D6006282DF /* Helpers */,
				B72834251E0B125D007CD400 /* InternTest */,
				B728343A1E0B125D007CD400 /* InternTestTests */,
				B72834451E0B125E007CD400 /* InternTestUITests */,
				B72834241E0B125D007CD400 /* Products */,
				A181ED555D0B3FB2BD2C5024 /* Pods */,
				5FEAC062338665B6EF5B35A0 /* Frameworks */,
			);
			sourceTree = "<group>";
		};
		B72834241E0B125D007CD400 /* Products */ = {
			isa = PBXGroup;
			children = (
				B72834231E0B125D007CD400 /* InternTest.app */,
				B72834371E0B125D007CD400 /* InternTestTests.xctest */,
				B72834421E0B125E007CD400 /* InternTestUITests.xctest */,
			);
			name = Products;
			sourceTree = "<group>";
		};
		B72834251E0B125D007CD400 /* InternTest */ = {
			isa = PBXGroup;
			children = (
				B7EB8CF81F220532006611B8 /* InternTest.entitlements */,
				B7EB8CFC1F227943006611B8 /* App Delegate and Extensions */,
				B7EB8CF91F2277D0006611B8 /* Objects */,
				B7EB8CFB1F2278FA006611B8 /* Messaging, Feed, and Notifications */,
				B7EB8CFE1F2279D8006611B8 /* Reminders and Calendar */,
				B7EB8CFA1F2278AE006611B8 /* Search Controller */,
				B7EB8CFD1F2279BE006611B8 /* Pipeline */,
				B728342A1E0B125D007CD400 /* Main.storyboard */,
				B728342F1E0B125D007CD400 /* LaunchScreen.storyboard */,
				B72834321E0B125D007CD400 /* Info.plist */,
				B73ABCC51F5A435500CA91A6 /* GoogleService-Info.plist */,
			);
			path = InternTest;
			sourceTree = "<group>";
		};
		B728343A1E0B125D007CD400 /* InternTestTests */ = {
			isa = PBXGroup;
			children = (
				B728343B1E0B125D007CD400 /* InternTestTests.swift */,
				B728343D1E0B125D007CD400 /* Info.plist */,
			);
			path = InternTestTests;
			sourceTree = "<group>";
		};
		B72834451E0B125E007CD400 /* InternTestUITests */ = {
			isa = PBXGroup;
			children = (
				B72834461E0B125E007CD400 /* InternTestUITests.swift */,
				B72834481E0B125E007CD400 /* Info.plist */,
			);
			path = InternTestUITests;
			sourceTree = "<group>";
		};
		B7D541311ED0E0D6006282DF /* Helpers */ = {
			isa = PBXGroup;
			children = (
			);
			name = Helpers;
			path = InternTest;
			sourceTree = "<group>";
		};
		B7EB8CF91F2277D0006611B8 /* Objects */ = {
			isa = PBXGroup;
			children = (
				B7D4801A1F1F40080080E8C2 /* TodoItem.swift */,
				B7D4801C1F1F40120080E8C2 /* TodoList.swift */,
				B7D480141F173D9D0080E8C2 /* Reminder.swift */,
				B71483E71E7266CC00F37453 /* Messages.swift */,
				B732FAA51E2D82FD005514CE /* User.swift */,
				B7AE89411F36CEE800914699 /* SignUpUser.swift */,
				B7AE893C1F2FE1DF00914699 /* CustomCell.swift */,
				B752D43C1F09ECDD00EAC75B /* Notification.swift */,
			);
			name = Objects;
			sourceTree = "<group>";
		};
		B7EB8CFA1F2278AE006611B8 /* Search Controller */ = {
			isa = PBXGroup;
			children = (
				B752D43F1F0AFC8800EAC75B /* SearchViewController.swift */,
				B7A2C35A1F73728800A550C6 /* AdvancedSearchViewController.swift */,
			);
			name = "Search Controller";
			sourceTree = "<group>";
		};
		B7EB8CFB1F2278FA006611B8 /* Messaging, Feed, and Notifications */ = {
			isa = PBXGroup;
			children = (
				B748B75B1E553F030058C07F /* MessagesController.swift */,
				B7F63DD11E30762E009770BE /* ChatController.swift */,
				B732FAA31E2CD480005514CE /* FeedController.swift */,
				B76AF1F51F2AF52C00E69252 /* FeedTableViewCell.swift */,
				B7C658DA1E8F125C0081B06E /* StudentViewController.swift */,
				B73ABCC71F5A655900CA91A6 /* StudentScheduleViewController.swift */,
				B7E3B2F01F74661C008320C8 /* StudentLinksViewController.swift */,
				B7A2C3521F6BA7A900A550C6 /* StudentScreenshotViewController.swift */,
				B752D43A1F09E79800EAC75B /* NotificationCenterViewController.swift */,
				B73ABCC31F571EF400CA91A6 /* EmployerViewController.swift */,
			);
			name = "Messaging, Feed, and Notifications";
			sourceTree = "<group>";
		};
		B7EB8CFC1F227943006611B8 /* App Delegate and Extensions */ = {
			isa = PBXGroup;
			children = (
				B72834261E0B125D007CD400 /* AppDelegate.swift */,
				B752D4381F0462AB00EAC75B /* OrientationLock.swift */,
				B71483E51E711E9F00F37453 /* ImageExtension.swift */,
				B72834561E0B158D007CD400 /* CAGradientLayer.swift */,
				B7D541321ED0E0ED006282DF /* Extensions.swift */,
				B728342D1E0B125D007CD400 /* Assets.xcassets */,
				B7EEB1381F47D65A00F101C6 /* AnimationController.swift */,
			);
			name = "App Delegate and Extensions";
			sourceTree = "<group>";
		};
		B7EB8CFD1F2279BE006611B8 /* Pipeline */ = {
			isa = PBXGroup;
			children = (
				B7097D961E1DA37F00CA1C56 /* LandingPageViewController.swift */,
				B752D4341EFEF6FC00EAC75B /* SetNameViewController.swift */,
				B72834281E0B125D007CD400 /* SetBirthdayViewController.swift */,
				B7097D901E0F7AA900CA1C56 /* SetEmailViewController.swift */,
				B72834541E0B1487007CD400 /* VerificationCodeViewController.swift */,
				B7EEB1321F42627F00F101C6 /* SetBioViewController.swift */,
				B73ABCBF1F56A90100CA91A6 /* SetMissionViewController.swift */,
				B7EEB1341F42C22700F101C6 /* SetSkillsViewController.swift */,
				B7F5075C1E4F19AB002F686B /* SetPasswordViewController.swift */,
				B7AE89381F2BC15300914699 /* ForgotPasswordLandingViewController.swift */,
				B7C658D81E8EEB1A0081B06E /* SetPositionViewController.swift */,
				B7097D921E108AEC00CA1C56 /* ProfilePageViewController.swift */,
				B70EE31A1F6844AF00FE4171 /* AddLinkViewController.swift */,
				B73ABCC11F56AD2600CA91A6 /* SettingsViewController.swift */,
				B7AE893A1F2C627500914699 /* ChangePasswordViewController.swift */,
				B7F5075A1E4EFE10002F686B /* CameraChooseViewController.swift */,
				B7097D941E1CF38300CA1C56 /* VideoChooseViewController.swift */,
				B7A2C3561F718FC800A550C6 /* ConfirmVideoViewController.swift */,
				B7AE89401F308D1100914699 /* InternTest-Bridging-Header.h */,
			);
			name = Pipeline;
			sourceTree = "<group>";
		};
		B7EB8CFE1F2279D8006611B8 /* Reminders and Calendar */ = {
			isa = PBXGroup;
			children = (
				B7D480181F1D87D10080E8C2 /* CalendarViewController.swift */,
				B7D480161F1762430080E8C2 /* SetUpFreeTimeViewController.swift */,
				B7A2C3541F6FD80700A550C6 /* EditTimeViewController.swift */,
				B7D480121F173D600080E8C2 /* SetReminderViewController1.swift */,
				B7EEB1361F46DB6B00F101C6 /* SetReminderViewController2.swift */,
			);
			name = "Reminders and Calendar";
			sourceTree = "<group>";
		};
/* End PBXGroup section */

/* Begin PBXNativeTarget section */
		B72834221E0B125D007CD400 /* InternTest */ = {
			isa = PBXNativeTarget;
			buildConfigurationList = B728344B1E0B125E007CD400 /* Build configuration list for PBXNativeTarget "InternTest" */;
			buildPhases = (
				0ED18C321062C9ECCD5AE918 /* [CP] Check Pods Manifest.lock */,
				B728341F1E0B125D007CD400 /* Sources */,
				B72834201E0B125D007CD400 /* Frameworks */,
				B72834211E0B125D007CD400 /* Resources */,
				F3F8C6115543B7A65FA291B2 /* [CP] Embed Pods Frameworks */,
				CEF7E7467F04AB96FC90F23B /* [CP] Copy Pods Resources */,
			);
			buildRules = (
			);
			dependencies = (
			);
			name = InternTest;
			productName = InternTest;
			productReference = B72834231E0B125D007CD400 /* InternTest.app */;
			productType = "com.apple.product-type.application";
		};
		B72834361E0B125D007CD400 /* InternTestTests */ = {
			isa = PBXNativeTarget;
			buildConfigurationList = B728344E1E0B125E007CD400 /* Build configuration list for PBXNativeTarget "InternTestTests" */;
			buildPhases = (
				92B3260952005B40D0129FC9 /* [CP] Check Pods Manifest.lock */,
				B72834331E0B125D007CD400 /* Sources */,
				B72834341E0B125D007CD400 /* Frameworks */,
				B72834351E0B125D007CD400 /* Resources */,
				CC64315A5A31F6374905020A /* [CP] Embed Pods Frameworks */,
				296F0D3DF245E488E9EE0874 /* [CP] Copy Pods Resources */,
			);
			buildRules = (
			);
			dependencies = (
				B72834391E0B125D007CD400 /* PBXTargetDependency */,
			);
			name = InternTestTests;
			productName = InternTestTests;
			productReference = B72834371E0B125D007CD400 /* InternTestTests.xctest */;
			productType = "com.apple.product-type.bundle.unit-test";
		};
		B72834411E0B125E007CD400 /* InternTestUITests */ = {
			isa = PBXNativeTarget;
			buildConfigurationList = B72834511E0B125E007CD400 /* Build configuration list for PBXNativeTarget "InternTestUITests" */;
			buildPhases = (
				6FB58D005DB0318296936A1B /* [CP] Check Pods Manifest.lock */,
				B728343E1E0B125E007CD400 /* Sources */,
				B728343F1E0B125E007CD400 /* Frameworks */,
				B72834401E0B125E007CD400 /* Resources */,
				79700C91DDBE9939056C9E46 /* [CP] Embed Pods Frameworks */,
				3B1EF7877BDE628DD724A237 /* [CP] Copy Pods Resources */,
			);
			buildRules = (
			);
			dependencies = (
				B72834441E0B125E007CD400 /* PBXTargetDependency */,
			);
			name = InternTestUITests;
			productName = InternTestUITests;
			productReference = B72834421E0B125E007CD400 /* InternTestUITests.xctest */;
			productType = "com.apple.product-type.bundle.ui-testing";
		};
/* End PBXNativeTarget section */

/* Begin PBXProject section */
		B728341B1E0B125D007CD400 /* Project object */ = {
			isa = PBXProject;
			attributes = {
				LastSwiftUpdateCheck = 0800;
				LastUpgradeCheck = 0800;
				ORGANIZATIONNAME = "Rahul Sheth";
				TargetAttributes = {
					B72834221E0B125D007CD400 = {
						CreatedOnToolsVersion = 8.0;
						DevelopmentTeam = KXMGQSX7CS;
						ProvisioningStyle = Automatic;
						SystemCapabilities = {
							com.apple.Keychain = {
								enabled = 1;
							};
						};
					};
					B72834361E0B125D007CD400 = {
						CreatedOnToolsVersion = 8.0;
						ProvisioningStyle = Automatic;
						TestTargetID = B72834221E0B125D007CD400;
					};
					B72834411E0B125E007CD400 = {
						CreatedOnToolsVersion = 8.0;
						ProvisioningStyle = Automatic;
						TestTargetID = B72834221E0B125D007CD400;
					};
				};
			};
			buildConfigurationList = B728341E1E0B125D007CD400 /* Build configuration list for PBXProject "InternTest" */;
			compatibilityVersion = "Xcode 3.2";
			developmentRegion = English;
			hasScannedForEncodings = 0;
			knownRegions = (
				en,
				Base,
			);
			mainGroup = B728341A1E0B125D007CD400;
			productRefGroup = B72834241E0B125D007CD400 /* Products */;
			projectDirPath = "";
			projectRoot = "";
			targets = (
				B72834221E0B125D007CD400 /* InternTest */,
				B72834361E0B125D007CD400 /* InternTestTests */,
				B72834411E0B125E007CD400 /* InternTestUITests */,
			);
		};
/* End PBXProject section */

/* Begin PBXResourcesBuildPhase section */
		B72834211E0B125D007CD400 /* Resources */ = {
			isa = PBXResourcesBuildPhase;
			buildActionMask = 2147483647;
			files = (
				B72834311E0B125D007CD400 /* LaunchScreen.storyboard in Resources */,
				B728342E1E0B125D007CD400 /* Assets.xcassets in Resources */,
				B728342C1E0B125D007CD400 /* Main.storyboard in Resources */,
				B73ABCC61F5A435500CA91A6 /* GoogleService-Info.plist in Resources */,
			);
			runOnlyForDeploymentPostprocessing = 0;
		};
		B72834351E0B125D007CD400 /* Resources */ = {
			isa = PBXResourcesBuildPhase;
			buildActionMask = 2147483647;
			files = (
			);
			runOnlyForDeploymentPostprocessing = 0;
		};
		B72834401E0B125E007CD400 /* Resources */ = {
			isa = PBXResourcesBuildPhase;
			buildActionMask = 2147483647;
			files = (
			);
			runOnlyForDeploymentPostprocessing = 0;
		};
/* End PBXResourcesBuildPhase section */

/* Begin PBXShellScriptBuildPhase section */
		0ED18C321062C9ECCD5AE918 /* [CP] Check Pods Manifest.lock */ = {
			isa = PBXShellScriptBuildPhase;
			buildActionMask = 2147483647;
			files = (
			);
			inputPaths = (
			);
			name = "[CP] Check Pods Manifest.lock";
			outputPaths = (
			);
			runOnlyForDeploymentPostprocessing = 0;
			shellPath = /bin/sh;
			shellScript = "diff \"${PODS_ROOT}/../Podfile.lock\" \"${PODS_ROOT}/Manifest.lock\" > /dev/null\nif [ $? != 0 ] ; then\n    # print error to STDERR\n    echo \"error: The sandbox is not in sync with the Podfile.lock. Run 'pod install' or update your CocoaPods installation.\" >&2\n    exit 1\nfi\n";
			showEnvVarsInLog = 0;
		};
		296F0D3DF245E488E9EE0874 /* [CP] Copy Pods Resources */ = {
			isa = PBXShellScriptBuildPhase;
			buildActionMask = 2147483647;
			files = (
			);
			inputPaths = (
			);
			name = "[CP] Copy Pods Resources";
			outputPaths = (
			);
			runOnlyForDeploymentPostprocessing = 0;
			shellPath = /bin/sh;
			shellScript = "\"${SRCROOT}/Pods/Target Support Files/Pods-InternTestTests/Pods-InternTestTests-resources.sh\"\n";
			showEnvVarsInLog = 0;
		};
		3B1EF7877BDE628DD724A237 /* [CP] Copy Pods Resources */ = {
			isa = PBXShellScriptBuildPhase;
			buildActionMask = 2147483647;
			files = (
			);
			inputPaths = (
			);
			name = "[CP] Copy Pods Resources";
			outputPaths = (
			);
			runOnlyForDeploymentPostprocessing = 0;
			shellPath = /bin/sh;
			shellScript = "\"${SRCROOT}/Pods/Target Support Files/Pods-InternTestUITests/Pods-InternTestUITests-resources.sh\"\n";
			showEnvVarsInLog = 0;
		};
		6FB58D005DB0318296936A1B /* [CP] Check Pods Manifest.lock */ = {
			isa = PBXShellScriptBuildPhase;
			buildActionMask = 2147483647;
			files = (
			);
			inputPaths = (
			);
			name = "[CP] Check Pods Manifest.lock";
			outputPaths = (
			);
			runOnlyForDeploymentPostprocessing = 0;
			shellPath = /bin/sh;
			shellScript = "diff \"${PODS_ROOT}/../Podfile.lock\" \"${PODS_ROOT}/Manifest.lock\" > /dev/null\nif [ $? != 0 ] ; then\n    # print error to STDERR\n    echo \"error: The sandbox is not in sync with the Podfile.lock. Run 'pod install' or update your CocoaPods installation.\" >&2\n    exit 1\nfi\n";
			showEnvVarsInLog = 0;
		};
		79700C91DDBE9939056C9E46 /* [CP] Embed Pods Frameworks */ = {
			isa = PBXShellScriptBuildPhase;
			buildActionMask = 2147483647;
			files = (
			);
			inputPaths = (
			);
			name = "[CP] Embed Pods Frameworks";
			outputPaths = (
			);
			runOnlyForDeploymentPostprocessing = 0;
			shellPath = /bin/sh;
			shellScript = "\"${SRCROOT}/Pods/Target Support Files/Pods-InternTestUITests/Pods-InternTestUITests-frameworks.sh\"\n";
			showEnvVarsInLog = 0;
		};
		92B3260952005B40D0129FC9 /* [CP] Check Pods Manifest.lock */ = {
			isa = PBXShellScriptBuildPhase;
			buildActionMask = 2147483647;
			files = (
			);
			inputPaths = (
			);
			name = "[CP] Check Pods Manifest.lock";
			outputPaths = (
			);
			runOnlyForDeploymentPostprocessing = 0;
			shellPath = /bin/sh;
			shellScript = "diff \"${PODS_ROOT}/../Podfile.lock\" \"${PODS_ROOT}/Manifest.lock\" > /dev/null\nif [ $? != 0 ] ; then\n    # print error to STDERR\n    echo \"error: The sandbox is not in sync with the Podfile.lock. Run 'pod install' or update your CocoaPods installation.\" >&2\n    exit 1\nfi\n";
			showEnvVarsInLog = 0;
		};
		CC64315A5A31F6374905020A /* [CP] Embed Pods Frameworks */ = {
			isa = PBXShellScriptBuildPhase;
			buildActionMask = 2147483647;
			files = (
			);
			inputPaths = (
			);
			name = "[CP] Embed Pods Frameworks";
			outputPaths = (
			);
			runOnlyForDeploymentPostprocessing = 0;
			shellPath = /bin/sh;
			shellScript = "\"${SRCROOT}/Pods/Target Support Files/Pods-InternTestTests/Pods-InternTestTests-frameworks.sh\"\n";
			showEnvVarsInLog = 0;
		};
		CEF7E7467F04AB96FC90F23B /* [CP] Copy Pods Resources */ = {
			isa = PBXShellScriptBuildPhase;
			buildActionMask = 2147483647;
			files = (
			);
			inputPaths = (
			);
			name = "[CP] Copy Pods Resources";
			outputPaths = (
			);
			runOnlyForDeploymentPostprocessing = 0;
			shellPath = /bin/sh;
			shellScript = "\"${SRCROOT}/Pods/Target Support Files/Pods-InternTest/Pods-InternTest-resources.sh\"\n";
			showEnvVarsInLog = 0;
		};
		F3F8C6115543B7A65FA291B2 /* [CP] Embed Pods Frameworks */ = {
			isa = PBXShellScriptBuildPhase;
			buildActionMask = 2147483647;
			files = (
			);
			inputPaths = (
			);
			name = "[CP] Embed Pods Frameworks";
			outputPaths = (
			);
			runOnlyForDeploymentPostprocessing = 0;
			shellPath = /bin/sh;
			shellScript = "\"${SRCROOT}/Pods/Target Support Files/Pods-InternTest/Pods-InternTest-frameworks.sh\"\n";
			showEnvVarsInLog = 0;
		};
/* End PBXShellScriptBuildPhase section */

/* Begin PBXSourcesBuildPhase section */
		B728341F1E0B125D007CD400 /* Sources */ = {
			isa = PBXSourcesBuildPhase;
			buildActionMask = 2147483647;
			files = (
				B71483E81E7266CC00F37453 /* Messages.swift in Sources */,
				B72834291E0B125D007CD400 /* SetBirthdayViewController.swift in Sources */,
				B7EEB1371F46DB6B00F101C6 /* SetReminderViewController2.swift in Sources */,
				B7A2C3531F6BA7A900A550C6 /* StudentScreenshotViewController.swift in Sources */,
				B73ABCC81F5A655900CA91A6 /* StudentScheduleViewController.swift in Sources */,
				B7F5075D1E4F19AB002F686B /* SetPasswordViewController.swift in Sources */,
				B752D4351EFEF6FC00EAC75B /* SetNameViewController.swift in Sources */,
				B752D4391F0462AB00EAC75B /* OrientationLock.swift in Sources */,
				B7097D911E0F7AA900CA1C56 /* SetEmailViewController.swift in Sources */,
				B72834271E0B125D007CD400 /* AppDelegate.swift in Sources */,
				B732FAA41E2CD480005514CE /* FeedController.swift in Sources */,
				B7A2C3551F6FD80700A550C6 /* EditTimeViewController.swift in Sources */,
				B7D480151F173D9D0080E8C2 /* Reminder.swift in Sources */,
				B76AF1F61F2AF52C00E69252 /* FeedTableViewCell.swift in Sources */,
				B7E3B2F11F74661C008320C8 /* StudentLinksViewController.swift in Sources */,
				B7C658D91E8EEB1A0081B06E /* SetPositionViewController.swift in Sources */,
				B72834551E0B1487007CD400 /* VerificationCodeViewController.swift in Sources */,
				B7D541331ED0E0ED006282DF /* Extensions.swift in Sources */,
				B71483E61E711E9F00F37453 /* ImageExtension.swift in Sources */,
				B7D480191F1D87D10080E8C2 /* CalendarViewController.swift in Sources */,
				B7D4801B1F1F40080080E8C2 /* TodoItem.swift in Sources */,
				B7EEB1331F42627F00F101C6 /* SetBioViewController.swift in Sources */,
				B7F5075B1E4EFE10002F686B /* CameraChooseViewController.swift in Sources */,
				B73ABCC01F56A90100CA91A6 /* SetMissionViewController.swift in Sources */,
				B70EE31B1F6844B000FE4171 /* AddLinkViewController.swift in Sources */,
				B7097D971E1DA37F00CA1C56 /* LandingPageViewController.swift in Sources */,
				B7D4801D1F1F40120080E8C2 /* TodoList.swift in Sources */,
				B7D480131F173D600080E8C2 /* SetReminderViewController1.swift in Sources */,
				B7C658DB1E8F125C0081B06E /* StudentViewController.swift in Sources */,
				B7EEB1391F47D65A00F101C6 /* AnimationController.swift in Sources */,
				B752D4401F0AFC8800EAC75B /* SearchViewController.swift in Sources */,
				B7AE89391F2BC15300914699 /* ForgotPasswordLandingViewController.swift in Sources */,
				B7F63DD21E30762E009770BE /* ChatController.swift in Sources */,
				B7097D951E1CF38300CA1C56 /* VideoChooseViewController.swift in Sources */,
				B748B75C1E553F030058C07F /* MessagesController.swift in Sources */,
				B73ABCC41F571EF400CA91A6 /* EmployerViewController.swift in Sources */,
				B752D43D1F09ECDD00EAC75B /* Notification.swift in Sources */,
				B7AE89421F36CEE800914699 /* SignUpUser.swift in Sources */,
				B7A2C3571F718FC800A550C6 /* ConfirmVideoViewController.swift in Sources */,
				B73ABCC21F56AD2600CA91A6 /* SettingsViewController.swift in Sources */,
				B732FAA61E2D82FD005514CE /* User.swift in Sources */,
				B7AE893B1F2C627500914699 /* ChangePasswordViewController.swift in Sources */,
				B7AE893D1F2FE1E000914699 /* CustomCell.swift in Sources */,
				B7EEB1351F42C22700F101C6 /* SetSkillsViewController.swift in Sources */,
				B7A2C35B1F73728800A550C6 /* AdvancedSearchViewController.swift in Sources */,
				B7D480171F1762430080E8C2 /* SetUpFreeTimeViewController.swift in Sources */,
				B752D43B1F09E79800EAC75B /* NotificationCenterViewController.swift in Sources */,
				B72834571E0B158D007CD400 /* CAGradientLayer.swift in Sources */,
				B7097D931E108AEC00CA1C56 /* ProfilePageViewController.swift in Sources */,
			);
			runOnlyForDeploymentPostprocessing = 0;
		};
		B72834331E0B125D007CD400 /* Sources */ = {
			isa = PBXSourcesBuildPhase;
			buildActionMask = 2147483647;
			files = (
				B728343C1E0B125D007CD400 /* InternTestTests.swift in Sources */,
				B752D43E1F0A283900EAC75B /* FeedController.swift in Sources */,
			);
			runOnlyForDeploymentPostprocessing = 0;
		};
		B728343E1E0B125E007CD400 /* Sources */ = {
			isa = PBXSourcesBuildPhase;
			buildActionMask = 2147483647;
			files = (
				B72834471E0B125E007CD400 /* InternTestUITests.swift in Sources */,
			);
			runOnlyForDeploymentPostprocessing = 0;
		};
/* End PBXSourcesBuildPhase section */

/* Begin PBXTargetDependency section */
		B72834391E0B125D007CD400 /* PBXTargetDependency */ = {
			isa = PBXTargetDependency;
			target = B72834221E0B125D007CD400 /* InternTest */;
			targetProxy = B72834381E0B125D007CD400 /* PBXContainerItemProxy */;
		};
		B72834441E0B125E007CD400 /* PBXTargetDependency */ = {
			isa = PBXTargetDependency;
			target = B72834221E0B125D007CD400 /* InternTest */;
			targetProxy = B72834431E0B125E007CD400 /* PBXContainerItemProxy */;
		};
/* End PBXTargetDependency section */

/* Begin PBXVariantGroup section */
		B728342A1E0B125D007CD400 /* Main.storyboard */ = {
			isa = PBXVariantGroup;
			children = (
				B728342B1E0B125D007CD400 /* Base */,
			);
			name = Main.storyboard;
			sourceTree = "<group>";
		};
		B728342F1E0B125D007CD400 /* LaunchScreen.storyboard */ = {
			isa = PBXVariantGroup;
			children = (
				B72834301E0B125D007CD400 /* Base */,
			);
			name = LaunchScreen.storyboard;
			sourceTree = "<group>";
		};
/* End PBXVariantGroup section */

/* Begin XCBuildConfiguration section */
		B72834491E0B125E007CD400 /* Debug */ = {
			isa = XCBuildConfiguration;
			buildSettings = {
				ALWAYS_SEARCH_USER_PATHS = NO;
				CLANG_ANALYZER_NONNULL = YES;
				CLANG_CXX_LANGUAGE_STANDARD = "gnu++0x";
				CLANG_CXX_LIBRARY = "libc++";
				CLANG_ENABLE_MODULES = YES;
				CLANG_ENABLE_OBJC_ARC = YES;
				CLANG_WARN_BOOL_CONVERSION = YES;
				CLANG_WARN_CONSTANT_CONVERSION = YES;
				CLANG_WARN_DIRECT_OBJC_ISA_USAGE = YES_ERROR;
				CLANG_WARN_DOCUMENTATION_COMMENTS = YES;
				CLANG_WARN_EMPTY_BODY = YES;
				CLANG_WARN_ENUM_CONVERSION = YES;
				CLANG_WARN_INFINITE_RECURSION = YES;
				CLANG_WARN_INT_CONVERSION = YES;
				CLANG_WARN_OBJC_ROOT_CLASS = YES_ERROR;
				CLANG_WARN_SUSPICIOUS_MOVES = YES;
				CLANG_WARN_UNREACHABLE_CODE = YES;
				CLANG_WARN__DUPLICATE_METHOD_MATCH = YES;
				"CODE_SIGN_IDENTITY[sdk=iphoneos*]" = "iPhone Developer";
				COPY_PHASE_STRIP = NO;
				DEBUG_INFORMATION_FORMAT = dwarf;
				ENABLE_STRICT_OBJC_MSGSEND = YES;
				ENABLE_TESTABILITY = YES;
				GCC_C_LANGUAGE_STANDARD = gnu99;
				GCC_DYNAMIC_NO_PIC = NO;
				GCC_NO_COMMON_BLOCKS = YES;
				GCC_OPTIMIZATION_LEVEL = 0;
				GCC_PREPROCESSOR_DEFINITIONS = (
					"DEBUG=1",
					"$(inherited)",
				);
				GCC_WARN_64_TO_32_BIT_CONVERSION = YES;
				GCC_WARN_ABOUT_RETURN_TYPE = YES_ERROR;
				GCC_WARN_UNDECLARED_SELECTOR = YES;
				GCC_WARN_UNINITIALIZED_AUTOS = YES_AGGRESSIVE;
				GCC_WARN_UNUSED_FUNCTION = YES;
				GCC_WARN_UNUSED_VARIABLE = YES;
				IPHONEOS_DEPLOYMENT_TARGET = 10.0;
				MTL_ENABLE_DEBUG_INFO = YES;
				ONLY_ACTIVE_ARCH = YES;
				SDKROOT = iphoneos;
				SWIFT_ACTIVE_COMPILATION_CONDITIONS = DEBUG;
				SWIFT_OPTIMIZATION_LEVEL = "-Onone";
				TARGETED_DEVICE_FAMILY = "1,2";
			};
			name = Debug;
		};
		B728344A1E0B125E007CD400 /* Release */ = {
			isa = XCBuildConfiguration;
			buildSettings = {
				ALWAYS_SEARCH_USER_PATHS = NO;
				CLANG_ANALYZER_NONNULL = YES;
				CLANG_CXX_LANGUAGE_STANDARD = "gnu++0x";
				CLANG_CXX_LIBRARY = "libc++";
				CLANG_ENABLE_MODULES = YES;
				CLANG_ENABLE_OBJC_ARC = YES;
				CLANG_WARN_BOOL_CONVERSION = YES;
				CLANG_WARN_CONSTANT_CONVERSION = YES;
				CLANG_WARN_DIRECT_OBJC_ISA_USAGE = YES_ERROR;
				CLANG_WARN_DOCUMENTATION_COMMENTS = YES;
				CLANG_WARN_EMPTY_BODY = YES;
				CLANG_WARN_ENUM_CONVERSION = YES;
				CLANG_WARN_INFINITE_RECURSION = YES;
				CLANG_WARN_INT_CONVERSION = YES;
				CLANG_WARN_OBJC_ROOT_CLASS = YES_ERROR;
				CLANG_WARN_SUSPICIOUS_MOVES = YES;
				CLANG_WARN_UNREACHABLE_CODE = YES;
				CLANG_WARN__DUPLICATE_METHOD_MATCH = YES;
				"CODE_SIGN_IDENTITY[sdk=iphoneos*]" = "iPhone Developer";
				COPY_PHASE_STRIP = NO;
				DEBUG_INFORMATION_FORMAT = "dwarf-with-dsym";
				ENABLE_NS_ASSERTIONS = NO;
				ENABLE_STRICT_OBJC_MSGSEND = YES;
				GCC_C_LANGUAGE_STANDARD = gnu99;
				GCC_NO_COMMON_BLOCKS = YES;
				GCC_WARN_64_TO_32_BIT_CONVERSION = YES;
				GCC_WARN_ABOUT_RETURN_TYPE = YES_ERROR;
				GCC_WARN_UNDECLARED_SELECTOR = YES;
				GCC_WARN_UNINITIALIZED_AUTOS = YES_AGGRESSIVE;
				GCC_WARN_UNUSED_FUNCTION = YES;
				GCC_WARN_UNUSED_VARIABLE = YES;
				IPHONEOS_DEPLOYMENT_TARGET = 10.0;
				MTL_ENABLE_DEBUG_INFO = NO;
				SDKROOT = iphoneos;
				SWIFT_OPTIMIZATION_LEVEL = "-Owholemodule";
				TARGETED_DEVICE_FAMILY = "1,2";
				VALIDATE_PRODUCT = YES;
			};
			name = Release;
		};
		B728344C1E0B125E007CD400 /* Debug */ = {
			isa = XCBuildConfiguration;
			baseConfigurationReference = 3BB90F811C9DF1A3527CD071 /* Pods-InternTest.debug.xcconfig */;
			buildSettings = {
				ASSETCATALOG_COMPILER_APPICON_NAME = AppIcon;
				CODE_SIGN_ENTITLEMENTS = InternTest/InternTest.entitlements;
				"CODE_SIGN_IDENTITY[sdk=iphoneos*]" = "iPhone Developer";
				DEVELOPMENT_TEAM = KXMGQSX7CS;
				ENABLE_BITCODE = YES;
				INFOPLIST_FILE = InternTest/Info.plist;
				IPHONEOS_DEPLOYMENT_TARGET = 9.0;
				LD_RUNPATH_SEARCH_PATHS = "$(inherited) @executable_path/Frameworks";
				PRODUCT_BUNDLE_IDENTIFIER = CS31.InternTest;
				PRODUCT_NAME = "$(TARGET_NAME)";
				"SWIFT_OBJC_BRIDGING_HEADER[arch=*]" = "InternTest-Bridging-Header.h";
				SWIFT_VERSION = 3.0;
				"USER_HEADER_SEARCH_PATHS[arch=*]" = "Pods/**";
			};
			name = Debug;
		};
		B728344D1E0B125E007CD400 /* Release */ = {
			isa = XCBuildConfiguration;
			baseConfigurationReference = 2D51CF6C27DA6B94DD168F14 /* Pods-InternTest.release.xcconfig */;
			buildSettings = {
				ASSETCATALOG_COMPILER_APPICON_NAME = AppIcon;
				CODE_SIGN_ENTITLEMENTS = InternTest/InternTest.entitlements;
				"CODE_SIGN_IDENTITY[sdk=iphoneos*]" = "iPhone Developer";
				DEVELOPMENT_TEAM = KXMGQSX7CS;
				ENABLE_BITCODE = YES;
				INFOPLIST_FILE = InternTest/Info.plist;
				IPHONEOS_DEPLOYMENT_TARGET = 9.0;
				LD_RUNPATH_SEARCH_PATHS = "$(inherited) @executable_path/Frameworks";
				PRODUCT_BUNDLE_IDENTIFIER = CS31.InternTest;
				PRODUCT_NAME = "$(TARGET_NAME)";
				"SWIFT_OBJC_BRIDGING_HEADER[arch=*]" = "InternTest-Bridging-Header.h";
				SWIFT_VERSION = 3.0;
				"USER_HEADER_SEARCH_PATHS[arch=*]" = "Pods/**";
			};
			name = Release;
		};
		B728344F1E0B125E007CD400 /* Debug */ = {
			isa = XCBuildConfiguration;
			baseConfigurationReference = DCDC7D9C9171BD0F011ABC67 /* Pods-InternTestTests.debug.xcconfig */;
			buildSettings = {
				ALWAYS_EMBED_SWIFT_STANDARD_LIBRARIES = YES;
				BUNDLE_LOADER = "$(TEST_HOST)";
				INFOPLIST_FILE = InternTestTests/Info.plist;
				LD_RUNPATH_SEARCH_PATHS = "$(inherited) @executable_path/Frameworks @loader_path/Frameworks";
				PRODUCT_BUNDLE_IDENTIFIER = CS31.InternTestTests;
				PRODUCT_NAME = "$(TARGET_NAME)";
				SWIFT_VERSION = 3.0;
				TEST_HOST = "$(BUILT_PRODUCTS_DIR)/InternTest.app/InternTest";
			};
			name = Debug;
		};
		B72834501E0B125E007CD400 /* Release */ = {
			isa = XCBuildConfiguration;
			baseConfigurationReference = D5109AF7484BDB7F87700171 /* Pods-InternTestTests.release.xcconfig */;
			buildSettings = {
				ALWAYS_EMBED_SWIFT_STANDARD_LIBRARIES = YES;
				BUNDLE_LOADER = "$(TEST_HOST)";
				INFOPLIST_FILE = InternTestTests/Info.plist;
				LD_RUNPATH_SEARCH_PATHS = "$(inherited) @executable_path/Frameworks @loader_path/Frameworks";
				PRODUCT_BUNDLE_IDENTIFIER = CS31.InternTestTests;
				PRODUCT_NAME = "$(TARGET_NAME)";
				SWIFT_VERSION = 3.0;
				TEST_HOST = "$(BUILT_PRODUCTS_DIR)/InternTest.app/InternTest";
			};
			name = Release;
		};
		B72834521E0B125E007CD400 /* Debug */ = {
			isa = XCBuildConfiguration;
			baseConfigurationReference = F886387D0170F16CC44C8F66 /* Pods-InternTestUITests.debug.xcconfig */;
			buildSettings = {
				ALWAYS_EMBED_SWIFT_STANDARD_LIBRARIES = YES;
				INFOPLIST_FILE = InternTestUITests/Info.plist;
				LD_RUNPATH_SEARCH_PATHS = "$(inherited) @executable_path/Frameworks @loader_path/Frameworks";
				PRODUCT_BUNDLE_IDENTIFIER = CS31.InternTestUITests;
				PRODUCT_NAME = "$(TARGET_NAME)";
				SWIFT_VERSION = 3.0;
				TEST_TARGET_NAME = InternTest;
			};
			name = Debug;
		};
		B72834531E0B125E007CD400 /* Release */ = {
			isa = XCBuildConfiguration;
			baseConfigurationReference = 336241F127404F96F4FF11AD /* Pods-InternTestUITests.release.xcconfig */;
			buildSettings = {
				ALWAYS_EMBED_SWIFT_STANDARD_LIBRARIES = YES;
				INFOPLIST_FILE = InternTestUITests/Info.plist;
				LD_RUNPATH_SEARCH_PATHS = "$(inherited) @executable_path/Frameworks @loader_path/Frameworks";
				PRODUCT_BUNDLE_IDENTIFIER = CS31.InternTestUITests;
				PRODUCT_NAME = "$(TARGET_NAME)";
				SWIFT_VERSION = 3.0;
				TEST_TARGET_NAME = InternTest;
			};
			name = Release;
		};
/* End XCBuildConfiguration section */

/* Begin XCConfigurationList section */
		B728341E1E0B125D007CD400 /* Build configuration list for PBXProject "InternTest" */ = {
			isa = XCConfigurationList;
			buildConfigurations = (
				B72834491E0B125E007CD400 /* Debug */,
				B728344A1E0B125E007CD400 /* Release */,
			);
			defaultConfigurationIsVisible = 0;
			defaultConfigurationName = Release;
		};
		B728344B1E0B125E007CD400 /* Build configuration list for PBXNativeTarget "InternTest" */ = {
			isa = XCConfigurationList;
			buildConfigurations = (
				B728344C1E0B125E007CD400 /* Debug */,
				B728344D1E0B125E007CD400 /* Release */,
			);
			defaultConfigurationIsVisible = 0;
			defaultConfigurationName = Release;
		};
		B728344E1E0B125E007CD400 /* Build configuration list for PBXNativeTarget "InternTestTests" */ = {
			isa = XCConfigurationList;
			buildConfigurations = (
				B728344F1E0B125E007CD400 /* Debug */,
				B72834501E0B125E007CD400 /* Release */,
			);
			defaultConfigurationIsVisible = 0;
			defaultConfigurationName = Release;
		};
		B72834511E0B125E007CD400 /* Build configuration list for PBXNativeTarget "InternTestUITests" */ = {
			isa = XCConfigurationList;
			buildConfigurations = (
				B72834521E0B125E007CD400 /* Debug */,
				B72834531E0B125E007CD400 /* Release */,
			);
			defaultConfigurationIsVisible = 0;
			defaultConfigurationName = Release;
		};
/* End XCConfigurationList section */
	};
	rootObject = B728341B1E0B125D007CD400 /* Project object */;
}
